
Microsoft Visual Studio Solution File, Format Version 12.00
# Visual Studio Version 17
VisualStudioVersion = 17.11.35222.181
MinimumVisualStudioVersion = 10.0.40219.1
Project("{FAE04EC0-301F-11D3-BF4B-00C04F79EFBC}") = "LeaveManagementSystem.Web", "LeaveManagementSystem.Web\LeaveManagementSystem.Web.csproj", "{32644A84-7030-4F47-B943-EA8AEC3A72DF}"
EndProject
Global
	GlobalSection(SolutionConfigurationPlatforms) = preSolution
		Debug|Any CPU = Debug|Any CPU
		Release|Any CPU = Release|Any CPU
	EndGlobalSection
	GlobalSection(ProjectConfigurationPlatforms) = postSolution
		{32644A84-7030-4F47-B943-EA8AEC3A72DF}.Debug|Any CPU.ActiveCfg = Debug|Any CPU
		{32644A84-7030-4F47-B943-EA8AEC3A72DF}.Debug|Any CPU.Build.0 = Debug|Any CPU
		{32644A84-7030-4F47-B943-EA8AEC3A72DF}.Release|Any CPU.ActiveCfg = Release|Any CPU
		{32644A84-7030-4F47-B943-EA8AEC3A72DF}.Release|Any CPU.Build.0 = Release|Any CPU
	EndGlobalSection
	GlobalSection(SolutionProperties) = preSolution
		HideSolutionNode = FALSE
	EndGlobalSection
	GlobalSection(ExtensibilityGlobals) = postSolution
		SolutionGuid = {09D97147-1BFC-4A8F-B6CD-2CFE8087BCBA}
	EndGlobalSection
EndGlobal
